
Microsoft Visual Studio Solution File, Format Version 12.00
# Visual Studio Version 17
VisualStudioVersion = 17.0.31903.59
MinimumVisualStudioVersion = 10.0.40219.1
Project("{FAE04EC0-301F-11D3-BF4B-00C04F79EFBC}") = "MyTestableApi.Api", "MyTestableApi.Api\MyTestableApi.Api.csproj", "{945F41BC-5C68-41D8-8634-8BC7E6F0E437}"
EndProject
Project("{FAE04EC0-301F-11D3-BF4B-00C04F79EFBC}") = "MyTestableApi.Tests", "MyTestableApi.Tests\MyTestableApi.Tests.csproj", "{08F00578-62A5-463A-A0CF-E64D52127220}"
EndProject
Global
	GlobalSection(SolutionConfigurationPlatforms) = preSolution
		Debug|Any CPU = Debug|Any CPU
		Release|Any CPU = Release|Any CPU
	EndGlobalSection
	GlobalSection(SolutionProperties) = preSolution
		HideSolutionNode = FALSE
	EndGlobalSection
	GlobalSection(ProjectConfigurationPlatforms) = postSolution
		{945F41BC-5C68-41D8-8634-8BC7E6F0E437}.Debug|Any CPU.ActiveCfg = Debug|Any CPU
		{945F41BC-5C68-41D8-8634-8BC7E6F0E437}.Debug|Any CPU.Build.0 = Debug|Any CPU
		{945F41BC-5C68-41D8-8634-8BC7E6F0E437}.Release|Any CPU.ActiveCfg = Release|Any CPU
		{945F41BC-5C68-41D8-8634-8BC7E6F0E437}.Release|Any CPU.Build.0 = Release|Any CPU
		{08F00578-62A5-463A-A0CF-E64D52127220}.Debug|Any CPU.ActiveCfg = Debug|Any CPU
		{08F00578-62A5-463A-A0CF-E64D52127220}.Debug|Any CPU.Build.0 = Debug|Any CPU
		{08F00578-62A5-463A-A0CF-E64D52127220}.Release|Any CPU.ActiveCfg = Release|Any CPU
		{08F00578-62A5-463A-A0CF-E64D52127220}.Release|Any CPU.Build.0 = Release|Any CPU
	EndGlobalSection
EndGlobal
